
Microsoft Visual Studio Solution File, Format Version 12.00
# Visual Studio Version 17
VisualStudioVersion = 17.9.34728.123
MinimumVisualStudioVersion = 10.0.40219.1
Project("{9A19103F-16F7-4668-BE54-9A1E7A4F7556}") = "CallTaxi.WebAPI", "CallTaxi.WebAPI\CallTaxi.WebAPI.csproj", "{9E75E6BF-66D2-44D2-A5C5-20CCF13C57E7}"
EndProject
Project("{9A19103F-16F7-4668-BE54-9A1E7A4F7556}") = "CallTaxi.Model", "CallTaxi.Model\CallTaxi.Model.csproj", "{426FDBE6-9CD8-4614-8032-E488B77FC88D}"
EndProject
Project("{9A19103F-16F7-4668-BE54-9A1E7A4F7556}") = "CallTaxi.Services", "CallTaxi.Services\CallTaxi.Services.csproj", "{3CD97ADE-EFCC-4EEC-8BE5-3D89C15CA0F4}"
	ProjectSection(ProjectDependencies) = postProject
		{40D773A7-8BF1-40A9-8CA3-CFA6ADE6F19F} = {40D773A7-8BF1-40A9-8CA3-CFA6ADE6F19F}
	EndProjectSection
EndProject
Project("{9A19103F-16F7-4668-BE54-9A1E7A4F7556}") = "CallTaxi.Subscriber", "CallTaxi.Subscriber\CallTaxi.Subscriber.csproj", "{40D773A7-8BF1-40A9-8CA3-CFA6ADE6F19F}"
	ProjectSection(ProjectDependencies) = postProject
		{426FDBE6-9CD8-4614-8032-E488B77FC88D} = {426FDBE6-9CD8-4614-8032-E488B77FC88D}
	EndProjectSection
EndProject
Project("{2150E333-8FDC-42A3-9474-1A3956D46DE8}") = "Solution Items", "Solution Items", "{857DC807-04A0-4DB9-BF40-C2E9889ABE9A}"
	ProjectSection(SolutionItems) = preProject
		.env = .env
		docker-compose.yml = docker-compose.yml
		Dockerfile = Dockerfile
		Dockerfile.notifications = Dockerfile.notifications
	EndProjectSection
EndProject
Global
	GlobalSection(SolutionConfigurationPlatforms) = preSolution
		Debug|Any CPU = Debug|Any CPU
		Release|Any CPU = Release|Any CPU
	EndGlobalSection
	GlobalSection(ProjectConfigurationPlatforms) = postSolution
		{9E75E6BF-66D2-44D2-A5C5-20CCF13C57E7}.Debug|Any CPU.ActiveCfg = Debug|Any CPU
		{9E75E6BF-66D2-44D2-A5C5-20CCF13C57E7}.Debug|Any CPU.Build.0 = Debug|Any CPU
		{9E75E6BF-66D2-44D2-A5C5-20CCF13C57E7}.Release|Any CPU.ActiveCfg = Release|Any CPU
		{9E75E6BF-66D2-44D2-A5C5-20CCF13C57E7}.Release|Any CPU.Build.0 = Release|Any CPU
		{426FDBE6-9CD8-4614-8032-E488B77FC88D}.Debug|Any CPU.ActiveCfg = Debug|Any CPU
		{426FDBE6-9CD8-4614-8032-E488B77FC88D}.Debug|Any CPU.Build.0 = Debug|Any CPU
		{426FDBE6-9CD8-4614-8032-E488B77FC88D}.Release|Any CPU.ActiveCfg = Release|Any CPU
		{426FDBE6-9CD8-4614-8032-E488B77FC88D}.Release|Any CPU.Build.0 = Release|Any CPU
		{3CD97ADE-EFCC-4EEC-8BE5-3D89C15CA0F4}.Debug|Any CPU.ActiveCfg = Debug|Any CPU
		{3CD97ADE-EFCC-4EEC-8BE5-3D89C15CA0F4}.Debug|Any CPU.Build.0 = Debug|Any CPU
		{3CD97ADE-EFCC-4EEC-8BE5-3D89C15CA0F4}.Release|Any CPU.ActiveCfg = Release|Any CPU
		{3CD97ADE-EFCC-4EEC-8BE5-3D89C15CA0F4}.Release|Any CPU.Build.0 = Release|Any CPU
		{40D773A7-8BF1-40A9-8CA3-CFA6ADE6F19F}.Debug|Any CPU.ActiveCfg = Debug|Any CPU
		{40D773A7-8BF1-40A9-8CA3-CFA6ADE6F19F}.Debug|Any CPU.Build.0 = Debug|Any CPU
		{40D773A7-8BF1-40A9-8CA3-CFA6ADE6F19F}.Release|Any CPU.ActiveCfg = Release|Any CPU
		{40D773A7-8BF1-40A9-8CA3-CFA6ADE6F19F}.Release|Any CPU.Build.0 = Release|Any CPU
	EndGlobalSection
	GlobalSection(SolutionProperties) = preSolution
		HideSolutionNode = FALSE
	EndGlobalSection
	GlobalSection(ExtensibilityGlobals) = postSolution
		SolutionGuid = {70985692-746F-4580-9BCD-9C20A0EE8664}
	EndGlobalSection
EndGlobal
